
Microsoft Visual Studio Solution File, Format Version 12.00
# Visual Studio Version 17
VisualStudioVersion = 17.2.32519.379
MinimumVisualStudioVersion = 10.0.40219.1
Project("{FAE04EC0-301F-11D3-BF4B-00C04F79EFBC}") = "1111410005_黃彩瑄 032", "1111410005_黃彩瑄 032\1111410005_黃彩瑄 032.csproj", "{330DAD33-5CA7-41CB-B540-5D5BE3E200B1}"
EndProject
Global
	GlobalSection(SolutionConfigurationPlatforms) = preSolution
		Debug|Any CPU = Debug|Any CPU
		Release|Any CPU = Release|Any CPU
	EndGlobalSection
	GlobalSection(ProjectConfigurationPlatforms) = postSolution
		{330DAD33-5CA7-41CB-B540-5D5BE3E200B1}.Debug|Any CPU.ActiveCfg = Debug|Any CPU
		{330DAD33-5CA7-41CB-B540-5D5BE3E200B1}.Debug|Any CPU.Build.0 = Debug|Any CPU
		{330DAD33-5CA7-41CB-B540-5D5BE3E200B1}.Release|Any CPU.ActiveCfg = Release|Any CPU
		{330DAD33-5CA7-41CB-B540-5D5BE3E200B1}.Release|Any CPU.Build.0 = Release|Any CPU
	EndGlobalSection
	GlobalSection(SolutionProperties) = preSolution
		HideSolutionNode = FALSE
	EndGlobalSection
	GlobalSection(ExtensibilityGlobals) = postSolution
		SolutionGuid = {83E900DE-A774-4B8C-8214-F19F96865365}
	EndGlobalSection
EndGlobal
